{
  "name": "edge-detection-wasm",
  "version": "1.0.0",
  "lockfileVersion": 1,
  "requires": true,
  "dependencies": {
    "binaryen": {
      "version": "61.0.0",
      "resolved": "https://registry.npmjs.org/binaryen/-/binaryen-61.0.0.tgz",
      "integrity": "sha512-vH0/SG/dLa0K+yk4s05dVL9+43ufUGr2THxoSCgNE2ru/vwSMmM2VbI7Wfc/bRIK/r6qUdUjxJb8jenDitV5sg=="
    }
  }
}
